
Microsoft Visual Studio Solution File, Format Version 12.00
# Visual Studio Version 17
VisualStudioVersion = 17.8.34322.80
MinimumVisualStudioVersion = 10.0.40219.1
Project("{FAE04EC0-301F-11D3-BF4B-00C04F79EFBC}") = "QuarterMaster", "QuarterMaster.csproj", "{FDF41549-9B9D-47D2-8F15-7E6AB9FEF649}"
EndProject
Global
	GlobalSection(SolutionConfigurationPlatforms) = preSolution
		Debug|Any CPU = Debug|Any CPU
		Release|Any CPU = Release|Any CPU
	EndGlobalSection
	GlobalSection(ProjectConfigurationPlatforms) = postSolution
		{FDF41549-9B9D-47D2-8F15-7E6AB9FEF649}.Debug|Any CPU.ActiveCfg = Debug|Any CPU
		{FDF41549-9B9D-47D2-8F15-7E6AB9FEF649}.Debug|Any CPU.Build.0 = Debug|Any CPU
		{FDF41549-9B9D-47D2-8F15-7E6AB9FEF649}.Release|Any CPU.ActiveCfg = Release|Any CPU
		{FDF41549-9B9D-47D2-8F15-7E6AB9FEF649}.Release|Any CPU.Build.0 = Release|Any CPU
	EndGlobalSection
	GlobalSection(SolutionProperties) = preSolution
		HideSolutionNode = FALSE
	EndGlobalSection
	GlobalSection(ExtensibilityGlobals) = postSolution
		SolutionGuid = {12691D87-D157-4F71-885B-EB7E36E09CA0}
	EndGlobalSection
EndGlobal
